<?xml version="1.0" encoding="utf-8"?>
<Project ToolsVersion="15.0" xmlns="http://schemas.microsoft.com/developer/msbuild/2003">
  <ItemGroup>
    <CustomBuild Include="C:\Development\op3d_active\eigen-3.3.7\msvc\CMakeFiles\f95ba7583cbba6fd94b3b097d22fbbe7\INSTALL_force.rule">
      <Filter>CMake Rules</Filter>
    </CustomBuild>
  </ItemGroup>
  <ItemGroup>
    <Filter Include="CMake Rules">
      <UniqueIdentifier>{0513DA6E-BA0A-3E39-9250-D7B28B5BAD8C}</UniqueIdentifier>
    </Filter>
  </ItemGroup>
</Project>
